
Microsoft Visual Studio Solution File, Format Version 12.00
# Visual Studio Version 16
VisualStudioVersion = 16.0.31911.196
MinimumVisualStudioVersion = 10.0.40219.1
Project("{9A19103F-16F7-4668-BE54-9A1E7A4F7556}") = "testSwagger", "testSwagger.csproj", "{252D5129-5309-4DB0-8820-8B83350AAE92}"
EndProject
Global
	GlobalSection(SolutionConfigurationPlatforms) = preSolution
		Debug|Any CPU = Debug|Any CPU
		Release|Any CPU = Release|Any CPU
	EndGlobalSection
	GlobalSection(ProjectConfigurationPlatforms) = postSolution
		{252D5129-5309-4DB0-8820-8B83350AAE92}.Debug|Any CPU.ActiveCfg = Debug|Any CPU
		{252D5129-5309-4DB0-8820-8B83350AAE92}.Debug|Any CPU.Build.0 = Debug|Any CPU
		{252D5129-5309-4DB0-8820-8B83350AAE92}.Release|Any CPU.ActiveCfg = Release|Any CPU
		{252D5129-5309-4DB0-8820-8B83350AAE92}.Release|Any CPU.Build.0 = Release|Any CPU
	EndGlobalSection
	GlobalSection(SolutionProperties) = preSolution
		HideSolutionNode = FALSE
	EndGlobalSection
	GlobalSection(ExtensibilityGlobals) = postSolution
		SolutionGuid = {DAE0A8E9-203B-4F8D-9C12-D955C71B33DF}
	EndGlobalSection
EndGlobal
